// !$*UTF8*$!
{
	archiveVersion = 1;
	classes = {
	};
	objectVersion = 46;
	objects = {

/* Begin PBXBuildFile section */
		1C03B9BC1B584E750027A898 /* CarouselViewNetworkManager.m in Sources */ = {isa = PBXBuildFile; fileRef = 1C03B9BB1B584E750027A898 /* CarouselViewNetworkManager.m */; };
		1C09ED5D1B41AA710099792A /* background.png in Resources */ = {isa = PBXBuildFile; fileRef = 1C09ED591B41AA710099792A /* background.png */; };
		1C09ED5E1B41AA710099792A /* background@2x.png in Resources */ = {isa = PBXBuildFile; fileRef = 1C09ED5A1B41AA710099792A /* background@2x.png */; };
		1C09ED5F1B41AA710099792A /* button_separator.png in Resources */ = {isa = PBXBuildFile; fileRef = 1C09ED5B1B41AA710099792A /* button_separator.png */; };
		1C09ED601B41AA710099792A /* button_separator@2x.png in Resources */ = {isa = PBXBuildFile; fileRef = 1C09ED5C1B41AA710099792A /* button_separator@2x.png */; };
		1C09ED631B41ADC40099792A /* background@3x.png in Resources */ = {isa = PBXBuildFile; fileRef = 1C09ED611B41ADC40099792A /* background@3x.png */; };
		1C09ED641B41ADC40099792A /* button_separator@3x.png in Resources */ = {isa = PBXBuildFile; fileRef = 1C09ED621B41ADC40099792A /* button_separator@3x.png */; };
		1C09ED6A1B41B7D10099792A /* TabBarSegue.m in Sources */ = {isa = PBXBuildFile; fileRef = 1C09ED691B41B7D10099792A /* TabBarSegue.m */; };
		1C36E9321B53A09A0092225E /* Item.m in Sources */ = {isa = PBXBuildFile; fileRef = 1C36E9311B53A09A0092225E /* Item.m */; };
		1C4BF4961B3E9EF900D99F3B /* main.m in Sources */ = {isa = PBXBuildFile; fileRef = 1C4BF4951B3E9EF900D99F3B /* main.m */; };
		1C4BF4991B3E9EF900D99F3B /* AppDelegate.m in Sources */ = {isa = PBXBuildFile; fileRef = 1C4BF4981B3E9EF900D99F3B /* AppDelegate.m */; };
		1C4BF4A11B3E9EF900D99F3B /* Images.xcassets in Resources */ = {isa = PBXBuildFile; fileRef = 1C4BF4A01B3E9EF900D99F3B /* Images.xcassets */; };
		1C4BF4A41B3E9EF900D99F3B /* LaunchScreen.xib in Resources */ = {isa = PBXBuildFile; fileRef = 1C4BF4A21B3E9EF900D99F3B /* LaunchScreen.xib */; };
		1C4BF4B01B3E9EF900D99F3B /* DanRestaurantAppTests.m in Sources */ = {isa = PBXBuildFile; fileRef = 1C4BF4AF1B3E9EF900D99F3B /* DanRestaurantAppTests.m */; };
		1C4BF5171B3EAEC200D99F3B /* LoginViewController.m in Sources */ = {isa = PBXBuildFile; fileRef = 1C4BF5161B3EAEC200D99F3B /* LoginViewController.m */; };
		1C4BF51A1B3EB06E00D99F3B /* CheckTableViewCell.m in Sources */ = {isa = PBXBuildFile; fileRef = 1C4BF5191B3EB06E00D99F3B /* CheckTableViewCell.m */; };
		1C4BF5251B3EF1EF00D99F3B /* CheckViewController.m in Sources */ = {isa = PBXBuildFile; fileRef = 1C4BF5241B3EF1EF00D99F3B /* CheckViewController.m */; };
		1CAC900F1B56A68200F11F10 /* CoreData.framework in Frameworks */ = {isa = PBXBuildFile; fileRef = 1CAC900E1B56A68200F11F10 /* CoreData.framework */; };
		1CC950DA1B453DA100CD201E /* page.png in Resources */ = {isa = PBXBuildFile; fileRef = 1CC950D91B453DA100CD201E /* page.png */; };
		1CCF2A581B403C8B00679D8C /* CartTableViewCell.m in Sources */ = {isa = PBXBuildFile; fileRef = 1CCF2A571B403C8B00679D8C /* CartTableViewCell.m */; };
		1CCF2A5E1B403E4600679D8C /* CartViewController.m in Sources */ = {isa = PBXBuildFile; fileRef = 1CCF2A5D1B403E4600679D8C /* CartViewController.m */; };
		1CD697481B58680B006CE024 /* GenericHelpFunctions.m in Sources */ = {isa = PBXBuildFile; fileRef = 1CD697471B58680B006CE024 /* GenericHelpFunctions.m */; };
		1CD6974B1B592E84006CE024 /* Authorization.m in Sources */ = {isa = PBXBuildFile; fileRef = 1CD6974A1B592E84006CE024 /* Authorization.m */; };
		1CD697511B592EEB006CE024 /* Employee.m in Sources */ = {isa = PBXBuildFile; fileRef = 1CD697501B592EEB006CE024 /* Employee.m */; };
		1CD697541B592F25006CE024 /* Employee+CoreData.m in Sources */ = {isa = PBXBuildFile; fileRef = 1CD697531B592F25006CE024 /* Employee+CoreData.m */; };
		1CE566551B5A53C300B4C9BE /* LoginNetworkManager.m in Sources */ = {isa = PBXBuildFile; fileRef = 1CE566541B5A53C300B4C9BE /* LoginNetworkManager.m */; };
		443CA1EB1B5AB2AB00B8DA75 /* CarouselView.m in Sources */ = {isa = PBXBuildFile; fileRef = 443CA1EA1B5AB2AB00B8DA75 /* CarouselView.m */; };
		443CA1EE1B5ABBD500B8DA75 /* Product.m in Sources */ = {isa = PBXBuildFile; fileRef = 443CA1ED1B5ABBD500B8DA75 /* Product.m */; };
		4440AFD71B42EB99001D6E2D /* dan_logo_x1.png in Resources */ = {isa = PBXBuildFile; fileRef = 4440AFD41B42EB99001D6E2D /* dan_logo_x1.png */; };
		4440AFD81B42EB99001D6E2D /* dan_logo_x2.png in Resources */ = {isa = PBXBuildFile; fileRef = 4440AFD51B42EB99001D6E2D /* dan_logo_x2.png */; };
		4440AFDB1B42EBFC001D6E2D /* dan_logo_x3.png in Resources */ = {isa = PBXBuildFile; fileRef = 4440AFDA1B42EBFC001D6E2D /* dan_logo_x3.png */; };
		444B5B7B1B4434AA00CD116D /* CarouselViewController.m in Sources */ = {isa = PBXBuildFile; fileRef = 444B5B7A1B4434AA00CD116D /* CarouselViewController.m */; };
		4456FC7F1B405D3E004663F0 /* Main.storyboard in Resources */ = {isa = PBXBuildFile; fileRef = 4456FC7E1B405D3E004663F0 /* Main.storyboard */; };
		44D00DE51B4D57E600A445F0 /* popup.png in Resources */ = {isa = PBXBuildFile; fileRef = 44D00DE41B4D57E600A445F0 /* popup.png */; };
		44D00DE71B4D589900A445F0 /* PopupView.xib in Resources */ = {isa = PBXBuildFile; fileRef = 44D00DE61B4D589900A445F0 /* PopupView.xib */; };
		44D00DED1B4D5BDB00A445F0 /* minus.png in Resources */ = {isa = PBXBuildFile; fileRef = 44D00DEC1B4D5BDB00A445F0 /* minus.png */; };
		44D00DF11B4D5C2500A445F0 /* plus.png in Resources */ = {isa = PBXBuildFile; fileRef = 44D00DF01B4D5C2500A445F0 /* plus.png */; };
		44D00DF41B4D5CFF00A445F0 /* CustomPopUp.m in Sources */ = {isa = PBXBuildFile; fileRef = 44D00DF31B4D5CFF00A445F0 /* CustomPopUp.m */; };
		44D10A001B56ACE900411609 /* Model.xcdatamodeld in Sources */ = {isa = PBXBuildFile; fileRef = 44D109FE1B56ACE900411609 /* Model.xcdatamodeld */; };
		44D4B40F1B416D920087CA9C /* MainViewController.m in Sources */ = {isa = PBXBuildFile; fileRef = 44D4B40E1B416D920087CA9C /* MainViewController.m */; };
		638111FACE4DC363D21C66ED /* libPods.a in Frameworks */ = {isa = PBXBuildFile; fileRef = 39506D9C5F357B6147445F2B /* libPods.a */; };
/* End PBXBuildFile section */

/* Begin PBXContainerItemProxy section */
		1C4BF4AA1B3E9EF900D99F3B /* PBXContainerItemProxy */ = {
			isa = PBXContainerItemProxy;
			containerPortal = 1C4BF4881B3E9EF900D99F3B /* Project object */;
			proxyType = 1;
			remoteGlobalIDString = 1C4BF48F1B3E9EF900D99F3B;
			remoteInfo = DanRestaurantApp;
		};
/* End PBXContainerItemProxy section */

/* Begin PBXFileReference section */
		1C03B9BA1B584E750027A898 /* CarouselViewNetworkManager.h */ = {isa = PBXFileReference; fileEncoding = 4; lastKnownFileType = sourcecode.c.h; path = CarouselViewNetworkManager.h; sourceTree = "<group>"; };
		1C03B9BB1B584E750027A898 /* CarouselViewNetworkManager.m */ = {isa = PBXFileReference; fileEncoding = 4; lastKnownFileType = sourcecode.c.objc; path = CarouselViewNetworkManager.m; sourceTree = "<group>"; };
		1C09ED591B41AA710099792A /* background.png */ = {isa = PBXFileReference; lastKnownFileType = image.png; path = background.png; sourceTree = "<group>"; };
		1C09ED5A1B41AA710099792A /* background@2x.png */ = {isa = PBXFileReference; lastKnownFileType = image.png; path = "background@2x.png"; sourceTree = "<group>"; };
		1C09ED5B1B41AA710099792A /* button_separator.png */ = {isa = PBXFileReference; lastKnownFileType = image.png; path = button_separator.png; sourceTree = "<group>"; };
		1C09ED5C1B41AA710099792A /* button_separator@2x.png */ = {isa = PBXFileReference; lastKnownFileType = image.png; path = "button_separator@2x.png"; sourceTree = "<group>"; };
		1C09ED611B41ADC40099792A /* background@3x.png */ = {isa = PBXFileReference; lastKnownFileType = image.png; path = "background@3x.png"; sourceTree = "<group>"; };
		1C09ED621B41ADC40099792A /* button_separator@3x.png */ = {isa = PBXFileReference; lastKnownFileType = image.png; path = "button_separator@3x.png"; sourceTree = "<group>"; };
		1C09ED681B41B7D10099792A /* TabBarSegue.h */ = {isa = PBXFileReference; fileEncoding = 4; lastKnownFileType = sourcecode.c.h; path = TabBarSegue.h; sourceTree = "<group>"; };
		1C09ED691B41B7D10099792A /* TabBarSegue.m */ = {isa = PBXFileReference; fileEncoding = 4; lastKnownFileType = sourcecode.c.objc; path = TabBarSegue.m; sourceTree = "<group>"; };
		1C36E9301B53A09A0092225E /* Item.h */ = {isa = PBXFileReference; fileEncoding = 4; lastKnownFileType = sourcecode.c.h; path = Item.h; sourceTree = "<group>"; };
		1C36E9311B53A09A0092225E /* Item.m */ = {isa = PBXFileReference; fileEncoding = 4; lastKnownFileType = sourcecode.c.objc; path = Item.m; sourceTree = "<group>"; };
		1C4BF4901B3E9EF900D99F3B /* DanRestaurantApp.app */ = {isa = PBXFileReference; explicitFileType = wrapper.application; includeInIndex = 0; path = DanRestaurantApp.app; sourceTree = BUILT_PRODUCTS_DIR; };
		1C4BF4941B3E9EF900D99F3B /* Info.plist */ = {isa = PBXFileReference; lastKnownFileType = text.plist.xml; path = Info.plist; sourceTree = "<group>"; };
		1C4BF4951B3E9EF900D99F3B /* main.m */ = {isa = PBXFileReference; lastKnownFileType = sourcecode.c.objc; path = main.m; sourceTree = "<group>"; };
		1C4BF4971B3E9EF900D99F3B /* AppDelegate.h */ = {isa = PBXFileReference; lastKnownFileType = sourcecode.c.h; path = AppDelegate.h; sourceTree = "<group>"; };
		1C4BF4981B3E9EF900D99F3B /* AppDelegate.m */ = {isa = PBXFileReference; lastKnownFileType = sourcecode.c.objc; path = AppDelegate.m; sourceTree = "<group>"; };
		1C4BF4A01B3E9EF900D99F3B /* Images.xcassets */ = {isa = PBXFileReference; lastKnownFileType = folder.assetcatalog; path = Images.xcassets; sourceTree = "<group>"; };
		1C4BF4A31B3E9EF900D99F3B /* Base */ = {isa = PBXFileReference; lastKnownFileType = file.xib; name = Base; path = Base.lproj/LaunchScreen.xib; sourceTree = "<group>"; };
		1C4BF4A91B3E9EF900D99F3B /* DanRestaurantAppTests.xctest */ = {isa = PBXFileReference; explicitFileType = wrapper.cfbundle; includeInIndex = 0; path = DanRestaurantAppTests.xctest; sourceTree = BUILT_PRODUCTS_DIR; };
		1C4BF4AE1B3E9EF900D99F3B /* Info.plist */ = {isa = PBXFileReference; lastKnownFileType = text.plist.xml; path = Info.plist; sourceTree = "<group>"; };
		1C4BF4AF1B3E9EF900D99F3B /* DanRestaurantAppTests.m */ = {isa = PBXFileReference; lastKnownFileType = sourcecode.c.objc; path = DanRestaurantAppTests.m; sourceTree = "<group>"; };
		1C4BF5151B3EAEC200D99F3B /* LoginViewController.h */ = {isa = PBXFileReference; fileEncoding = 4; lastKnownFileType = sourcecode.c.h; path = LoginViewController.h; sourceTree = "<group>"; };
		1C4BF5161B3EAEC200D99F3B /* LoginViewController.m */ = {isa = PBXFileReference; fileEncoding = 4; lastKnownFileType = sourcecode.c.objc; path = LoginViewController.m; sourceTree = "<group>"; };
		1C4BF5181B3EB06E00D99F3B /* CheckTableViewCell.h */ = {isa = PBXFileReference; fileEncoding = 4; lastKnownFileType = sourcecode.c.h; path = CheckTableViewCell.h; sourceTree = "<group>"; };
		1C4BF5191B3EB06E00D99F3B /* CheckTableViewCell.m */ = {isa = PBXFileReference; fileEncoding = 4; lastKnownFileType = sourcecode.c.objc; path = CheckTableViewCell.m; sourceTree = "<group>"; };
		1C4BF5231B3EF1EF00D99F3B /* CheckViewController.h */ = {isa = PBXFileReference; fileEncoding = 4; lastKnownFileType = sourcecode.c.h; path = CheckViewController.h; sourceTree = "<group>"; };
		1C4BF5241B3EF1EF00D99F3B /* CheckViewController.m */ = {isa = PBXFileReference; fileEncoding = 4; lastKnownFileType = sourcecode.c.objc; path = CheckViewController.m; sourceTree = "<group>"; };
		1CAC900E1B56A68200F11F10 /* CoreData.framework */ = {isa = PBXFileReference; lastKnownFileType = wrapper.framework; name = CoreData.framework; path = System/Library/Frameworks/CoreData.framework; sourceTree = SDKROOT; };
		1CAC90101B56A93E00F11F10 /* DanRestaurantApp-Prefix.pch */ = {isa = PBXFileReference; lastKnownFileType = sourcecode.c.h; name = "DanRestaurantApp-Prefix.pch"; path = "DanRestaurantApp/DanRestaurantApp-Prefix.pch"; sourceTree = SOURCE_ROOT; };
		1CC950D91B453DA100CD201E /* page.png */ = {isa = PBXFileReference; lastKnownFileType = image.png; name = page.png; path = ../page.png; sourceTree = "<group>"; };
		1CCF2A561B403C8B00679D8C /* CartTableViewCell.h */ = {isa = PBXFileReference; fileEncoding = 4; lastKnownFileType = sourcecode.c.h; path = CartTableViewCell.h; sourceTree = "<group>"; };
		1CCF2A571B403C8B00679D8C /* CartTableViewCell.m */ = {isa = PBXFileReference; fileEncoding = 4; lastKnownFileType = sourcecode.c.objc; path = CartTableViewCell.m; sourceTree = "<group>"; };
		1CCF2A5C1B403E4600679D8C /* CartViewController.h */ = {isa = PBXFileReference; fileEncoding = 4; lastKnownFileType = sourcecode.c.h; path = CartViewController.h; sourceTree = "<group>"; };
		1CCF2A5D1B403E4600679D8C /* CartViewController.m */ = {isa = PBXFileReference; fileEncoding = 4; lastKnownFileType = sourcecode.c.objc; path = CartViewController.m; sourceTree = "<group>"; };
		1CD697461B58680B006CE024 /* GenericHelpFunctions.h */ = {isa = PBXFileReference; fileEncoding = 4; lastKnownFileType = sourcecode.c.h; path = GenericHelpFunctions.h; sourceTree = "<group>"; };
		1CD697471B58680B006CE024 /* GenericHelpFunctions.m */ = {isa = PBXFileReference; fileEncoding = 4; lastKnownFileType = sourcecode.c.objc; path = GenericHelpFunctions.m; sourceTree = "<group>"; };
		1CD697491B592E84006CE024 /* Authorization.h */ = {isa = PBXFileReference; fileEncoding = 4; lastKnownFileType = sourcecode.c.h; path = Authorization.h; sourceTree = "<group>"; };
		1CD6974A1B592E84006CE024 /* Authorization.m */ = {isa = PBXFileReference; fileEncoding = 4; lastKnownFileType = sourcecode.c.objc; path = Authorization.m; sourceTree = "<group>"; };
		1CD6974F1B592EEB006CE024 /* Employee.h */ = {isa = PBXFileReference; fileEncoding = 4; lastKnownFileType = sourcecode.c.h; path = Employee.h; sourceTree = "<group>"; };
		1CD697501B592EEB006CE024 /* Employee.m */ = {isa = PBXFileReference; fileEncoding = 4; lastKnownFileType = sourcecode.c.objc; path = Employee.m; sourceTree = "<group>"; };
		1CD697521B592F25006CE024 /* Employee+CoreData.h */ = {isa = PBXFileReference; fileEncoding = 4; lastKnownFileType = sourcecode.c.h; path = "Employee+CoreData.h"; sourceTree = "<group>"; };
		1CD697531B592F25006CE024 /* Employee+CoreData.m */ = {isa = PBXFileReference; fileEncoding = 4; lastKnownFileType = sourcecode.c.objc; path = "Employee+CoreData.m"; sourceTree = "<group>"; };
		1CE566531B5A53C300B4C9BE /* LoginNetworkManager.h */ = {isa = PBXFileReference; fileEncoding = 4; lastKnownFileType = sourcecode.c.h; path = LoginNetworkManager.h; sourceTree = "<group>"; };
		1CE566541B5A53C300B4C9BE /* LoginNetworkManager.m */ = {isa = PBXFileReference; fileEncoding = 4; lastKnownFileType = sourcecode.c.objc; path = LoginNetworkManager.m; sourceTree = "<group>"; };
		39506D9C5F357B6147445F2B /* libPods.a */ = {isa = PBXFileReference; explicitFileType = archive.ar; includeInIndex = 0; path = libPods.a; sourceTree = BUILT_PRODUCTS_DIR; };
		443CA1E91B5AB2AB00B8DA75 /* CarouselView.h */ = {isa = PBXFileReference; fileEncoding = 4; lastKnownFileType = sourcecode.c.h; path = CarouselView.h; sourceTree = "<group>"; };
		443CA1EA1B5AB2AB00B8DA75 /* CarouselView.m */ = {isa = PBXFileReference; fileEncoding = 4; lastKnownFileType = sourcecode.c.objc; path = CarouselView.m; sourceTree = "<group>"; };
		443CA1EC1B5ABBD500B8DA75 /* Product.h */ = {isa = PBXFileReference; fileEncoding = 4; lastKnownFileType = sourcecode.c.h; path = Product.h; sourceTree = "<group>"; };
		443CA1ED1B5ABBD500B8DA75 /* Product.m */ = {isa = PBXFileReference; fileEncoding = 4; lastKnownFileType = sourcecode.c.objc; path = Product.m; sourceTree = "<group>"; };
		4440AFD41B42EB99001D6E2D /* dan_logo_x1.png */ = {isa = PBXFileReference; lastKnownFileType = image.png; path = dan_logo_x1.png; sourceTree = "<group>"; };
		4440AFD51B42EB99001D6E2D /* dan_logo_x2.png */ = {isa = PBXFileReference; lastKnownFileType = image.png; path = dan_logo_x2.png; sourceTree = "<group>"; };
		4440AFDA1B42EBFC001D6E2D /* dan_logo_x3.png */ = {isa = PBXFileReference; lastKnownFileType = image.png; path = dan_logo_x3.png; sourceTree = "<group>"; };
		444B5B791B4434AA00CD116D /* CarouselViewController.h */ = {isa = PBXFileReference; fileEncoding = 4; lastKnownFileType = sourcecode.c.h; path = CarouselViewController.h; sourceTree = "<group>"; };
		444B5B7A1B4434AA00CD116D /* CarouselViewController.m */ = {isa = PBXFileReference; fileEncoding = 4; lastKnownFileType = sourcecode.c.objc; path = CarouselViewController.m; sourceTree = "<group>"; };
		4456FC7E1B405D3E004663F0 /* Main.storyboard */ = {isa = PBXFileReference; fileEncoding = 4; lastKnownFileType = file.storyboard; path = Main.storyboard; sourceTree = "<group>"; };
		44D00DE41B4D57E600A445F0 /* popup.png */ = {isa = PBXFileReference; lastKnownFileType = image.png; path = popup.png; sourceTree = "<group>"; };
		44D00DE61B4D589900A445F0 /* PopupView.xib */ = {isa = PBXFileReference; fileEncoding = 4; lastKnownFileType = file.xib; path = PopupView.xib; sourceTree = "<group>"; };
		44D00DEC1B4D5BDB00A445F0 /* minus.png */ = {isa = PBXFileReference; lastKnownFileType = image.png; path = minus.png; sourceTree = "<group>"; };
		44D00DF01B4D5C2500A445F0 /* plus.png */ = {isa = PBXFileReference; lastKnownFileType = image.png; path = plus.png; sourceTree = "<group>"; };
		44D00DF21B4D5CFF00A445F0 /* CustomPopUp.h */ = {isa = PBXFileReference; fileEncoding = 4; lastKnownFileType = sourcecode.c.h; name = CustomPopUp.h; path = ../Views/CustomPopUp.h; sourceTree = "<group>"; };
		44D00DF31B4D5CFF00A445F0 /* CustomPopUp.m */ = {isa = PBXFileReference; fileEncoding = 4; lastKnownFileType = sourcecode.c.objc; name = CustomPopUp.m; path = ../Views/CustomPopUp.m; sourceTree = "<group>"; };
		44D109FF1B56ACE900411609 /* Model.xcdatamodel */ = {isa = PBXFileReference; lastKnownFileType = wrapper.xcdatamodel; path = Model.xcdatamodel; sourceTree = "<group>"; };
		44D4B40D1B416D920087CA9C /* MainViewController.h */ = {isa = PBXFileReference; fileEncoding = 4; lastKnownFileType = sourcecode.c.h; path = MainViewController.h; sourceTree = "<group>"; };
		44D4B40E1B416D920087CA9C /* MainViewController.m */ = {isa = PBXFileReference; fileEncoding = 4; lastKnownFileType = sourcecode.c.objc; path = MainViewController.m; sourceTree = "<group>"; };
		4BF2F6793F89BB2785062A99 /* Pods.release.xcconfig */ = {isa = PBXFileReference; includeInIndex = 1; lastKnownFileType = text.xcconfig; name = Pods.release.xcconfig; path = "Pods/Target Support Files/Pods/Pods.release.xcconfig"; sourceTree = "<group>"; };
		68AF43AA9FB0C62D147CE5DE /* Pods.debug.xcconfig */ = {isa = PBXFileReference; includeInIndex = 1; lastKnownFileType = text.xcconfig; name = Pods.debug.xcconfig; path = "Pods/Target Support Files/Pods/Pods.debug.xcconfig"; sourceTree = "<group>"; };
/* End PBXFileReference section */

/* Begin PBXFrameworksBuildPhase section */
		1C4BF48D1B3E9EF900D99F3B /* Frameworks */ = {
			isa = PBXFrameworksBuildPhase;
			buildActionMask = 2147483647;
			files = (
				1CAC900F1B56A68200F11F10 /* CoreData.framework in Frameworks */,
				638111FACE4DC363D21C66ED /* libPods.a in Frameworks */,
			);
			runOnlyForDeploymentPostprocessing = 0;
		};
		1C4BF4A61B3E9EF900D99F3B /* Frameworks */ = {
			isa = PBXFrameworksBuildPhase;
			buildActionMask = 2147483647;
			files = (
			);
			runOnlyForDeploymentPostprocessing = 0;
		};
/* End PBXFrameworksBuildPhase section */

/* Begin PBXGroup section */
		17BCC6F8C349F90F5D03236B /* Frameworks */ = {
			isa = PBXGroup;
			children = (
				1CAC900E1B56A68200F11F10 /* CoreData.framework */,
				39506D9C5F357B6147445F2B /* libPods.a */,
			);
			name = Frameworks;
			sourceTree = "<group>";
		};
		1C03B9B91B584DD50027A898 /* Network */ = {
			isa = PBXGroup;
			children = (
				1C03B9BA1B584E750027A898 /* CarouselViewNetworkManager.h */,
				1C03B9BB1B584E750027A898 /* CarouselViewNetworkManager.m */,
				1CE566531B5A53C300B4C9BE /* LoginNetworkManager.h */,
				1CE566541B5A53C300B4C9BE /* LoginNetworkManager.m */,
			);
			name = Network;
			sourceTree = "<group>";
		};
		1C03B9BD1B585D910027A898 /* HelpFunctions */ = {
			isa = PBXGroup;
			children = (
				1CD697461B58680B006CE024 /* GenericHelpFunctions.h */,
				1CD697471B58680B006CE024 /* GenericHelpFunctions.m */,
			);
			name = HelpFunctions;
			sourceTree = "<group>";
		};
		1C09ED581B41AA5C0099792A /* Images */ = {
			isa = PBXGroup;
			children = (
				1CC950D91B453DA100CD201E /* page.png */,
				1C09ED611B41ADC40099792A /* background@3x.png */,
				4440AFDA1B42EBFC001D6E2D /* dan_logo_x3.png */,
				44D00DEC1B4D5BDB00A445F0 /* minus.png */,
				44D00DF01B4D5C2500A445F0 /* plus.png */,
				44D00DE41B4D57E600A445F0 /* popup.png */,
				4440AFD41B42EB99001D6E2D /* dan_logo_x1.png */,
				4440AFD51B42EB99001D6E2D /* dan_logo_x2.png */,
				1C09ED621B41ADC40099792A /* button_separator@3x.png */,
				1C09ED591B41AA710099792A /* background.png */,
				1C09ED5A1B41AA710099792A /* background@2x.png */,
				1C09ED5B1B41AA710099792A /* button_separator.png */,
				1C09ED5C1B41AA710099792A /* button_separator@2x.png */,
			);
			path = Images;
			sourceTree = "<group>";
		};
		1C09ED6B1B41C1A60099792A /* Models */ = {
			isa = PBXGroup;
			children = (
				1C36E9301B53A09A0092225E /* Item.h */,
				1C36E9311B53A09A0092225E /* Item.m */,
				1CD697491B592E84006CE024 /* Authorization.h */,
				1CD6974A1B592E84006CE024 /* Authorization.m */,
				1CD6974F1B592EEB006CE024 /* Employee.h */,
				1CD697501B592EEB006CE024 /* Employee.m */,
				1CD697521B592F25006CE024 /* Employee+CoreData.h */,
				1CD697531B592F25006CE024 /* Employee+CoreData.m */,
				443CA1EC1B5ABBD500B8DA75 /* Product.h */,
				443CA1ED1B5ABBD500B8DA75 /* Product.m */,
			);
			path = Models;
			sourceTree = "<group>";
		};
		1C4BF4871B3E9EF900D99F3B = {
			isa = PBXGroup;
			children = (
				1C4BF4921B3E9EF900D99F3B /* DanRestaurantApp */,
				1C4BF4AC1B3E9EF900D99F3B /* DanRestaurantAppTests */,
				1C4BF4911B3E9EF900D99F3B /* Products */,
				6D14AF289F9E81D7BFA212E0 /* Pods */,
				17BCC6F8C349F90F5D03236B /* Frameworks */,
			);
			sourceTree = "<group>";
		};
		1C4BF4911B3E9EF900D99F3B /* Products */ = {
			isa = PBXGroup;
			children = (
				1C4BF4901B3E9EF900D99F3B /* DanRestaurantApp.app */,
				1C4BF4A91B3E9EF900D99F3B /* DanRestaurantAppTests.xctest */,
			);
			name = Products;
			sourceTree = "<group>";
		};
		1C4BF4921B3E9EF900D99F3B /* DanRestaurantApp */ = {
			isa = PBXGroup;
			children = (
				1C03B9BD1B585D910027A898 /* HelpFunctions */,
				1C03B9B91B584DD50027A898 /* Network */,
				1C4BF4F31B3EA40D00D99F3B /* Classes */,
				1C4BF4B91B3EA40600D99F3B /* Assets */,
				1C4BF4971B3E9EF900D99F3B /* AppDelegate.h */,
				1C4BF4981B3E9EF900D99F3B /* AppDelegate.m */,
				44D00DE61B4D589900A445F0 /* PopupView.xib */,
				4456FC7E1B405D3E004663F0 /* Main.storyboard */,
				1C4BF4A01B3E9EF900D99F3B /* Images.xcassets */,
				1C4BF4A21B3E9EF900D99F3B /* LaunchScreen.xib */,
				1C4BF4931B3E9EF900D99F3B /* Supporting Files */,
			);
			path = DanRestaurantApp;
			sourceTree = "<group>";
		};
		1C4BF4931B3E9EF900D99F3B /* Supporting Files */ = {
			isa = PBXGroup;
			children = (
				1CAC90101B56A93E00F11F10 /* DanRestaurantApp-Prefix.pch */,
				44D109FE1B56ACE900411609 /* Model.xcdatamodeld */,
				1C4BF4941B3E9EF900D99F3B /* Info.plist */,
				1C4BF4951B3E9EF900D99F3B /* main.m */,
			);
			name = "Supporting Files";
			sourceTree = "<group>";
		};
		1C4BF4AC1B3E9EF900D99F3B /* DanRestaurantAppTests */ = {
			isa = PBXGroup;
			children = (
				1C4BF4AF1B3E9EF900D99F3B /* DanRestaurantAppTests.m */,
				1C4BF4AD1B3E9EF900D99F3B /* Supporting Files */,
			);
			path = DanRestaurantAppTests;
			sourceTree = "<group>";
		};
		1C4BF4AD1B3E9EF900D99F3B /* Supporting Files */ = {
			isa = PBXGroup;
			children = (
				1C4BF4AE1B3E9EF900D99F3B /* Info.plist */,
			);
			name = "Supporting Files";
			sourceTree = "<group>";
		};
		1C4BF4B91B3EA40600D99F3B /* Assets */ = {
			isa = PBXGroup;
			children = (
				1C09ED581B41AA5C0099792A /* Images */,
			);
			path = Assets;
			sourceTree = "<group>";
		};
		1C4BF4F31B3EA40D00D99F3B /* Classes */ = {
			isa = PBXGroup;
			children = (
				1C09ED6B1B41C1A60099792A /* Models */,
				1C4BF4F41B3EA40D00D99F3B /* Controllers */,
				1C4BF5041B3EA40D00D99F3B /* Views */,
			);
			path = Classes;
			sourceTree = "<group>";
		};
		1C4BF4F41B3EA40D00D99F3B /* Controllers */ = {
			isa = PBXGroup;
			children = (
				44D00DF21B4D5CFF00A445F0 /* CustomPopUp.h */,
				44D00DF31B4D5CFF00A445F0 /* CustomPopUp.m */,
				1C4BF5151B3EAEC200D99F3B /* LoginViewController.h */,
				1C4BF5161B3EAEC200D99F3B /* LoginViewController.m */,
				444B5B791B4434AA00CD116D /* CarouselViewController.h */,
				444B5B7A1B4434AA00CD116D /* CarouselViewController.m */,
				1C4BF5231B3EF1EF00D99F3B /* CheckViewController.h */,
				1C4BF5241B3EF1EF00D99F3B /* CheckViewController.m */,
				1CCF2A5C1B403E4600679D8C /* CartViewController.h */,
				1CCF2A5D1B403E4600679D8C /* CartViewController.m */,
				44D4B40D1B416D920087CA9C /* MainViewController.h */,
				44D4B40E1B416D920087CA9C /* MainViewController.m */,
				1C09ED681B41B7D10099792A /* TabBarSegue.h */,
				1C09ED691B41B7D10099792A /* TabBarSegue.m */,
			);
			path = Controllers;
			sourceTree = "<group>";
		};
		1C4BF5041B3EA40D00D99F3B /* Views */ = {
			isa = PBXGroup;
			children = (
				1C4BF5181B3EB06E00D99F3B /* CheckTableViewCell.h */,
				1C4BF5191B3EB06E00D99F3B /* CheckTableViewCell.m */,
				1CCF2A561B403C8B00679D8C /* CartTableViewCell.h */,
				1CCF2A571B403C8B00679D8C /* CartTableViewCell.m */,
				443CA1E91B5AB2AB00B8DA75 /* CarouselView.h */,
				443CA1EA1B5AB2AB00B8DA75 /* CarouselView.m */,
			);
			path = Views;
			sourceTree = "<group>";
		};
		6D14AF289F9E81D7BFA212E0 /* Pods */ = {
			isa = PBXGroup;
			children = (
				68AF43AA9FB0C62D147CE5DE /* Pods.debug.xcconfig */,
				4BF2F6793F89BB2785062A99 /* Pods.release.xcconfig */,
			);
			name = Pods;
			sourceTree = "<group>";
		};
/* End PBXGroup section */

/* Begin PBXNativeTarget section */
		1C4BF48F1B3E9EF900D99F3B /* DanRestaurantApp */ = {
			isa = PBXNativeTarget;
			buildConfigurationList = 1C4BF4B31B3E9EF900D99F3B /* Build configuration list for PBXNativeTarget "DanRestaurantApp" */;
			buildPhases = (
				35DCA96654C6AB0DE530E55C /* Check Pods Manifest.lock */,
				1C4BF48C1B3E9EF900D99F3B /* Sources */,
				1C4BF48D1B3E9EF900D99F3B /* Frameworks */,
				1C4BF48E1B3E9EF900D99F3B /* Resources */,
				80FC2E2E6E15941CAA4BD3A4 /* Copy Pods Resources */,
			);
			buildRules = (
			);
			dependencies = (
			);
			name = DanRestaurantApp;
			productName = DanRestaurantApp;
			productReference = 1C4BF4901B3E9EF900D99F3B /* DanRestaurantApp.app */;
			productType = "com.apple.product-type.application";
		};
		1C4BF4A81B3E9EF900D99F3B /* DanRestaurantAppTests */ = {
			isa = PBXNativeTarget;
			buildConfigurationList = 1C4BF4B61B3E9EF900D99F3B /* Build configuration list for PBXNativeTarget "DanRestaurantAppTests" */;
			buildPhases = (
				1C4BF4A51B3E9EF900D99F3B /* Sources */,
				1C4BF4A61B3E9EF900D99F3B /* Frameworks */,
				1C4BF4A71B3E9EF900D99F3B /* Resources */,
			);
			buildRules = (
			);
			dependencies = (
				1C4BF4AB1B3E9EF900D99F3B /* PBXTargetDependency */,
			);
			name = DanRestaurantAppTests;
			productName = DanRestaurantAppTests;
			productReference = 1C4BF4A91B3E9EF900D99F3B /* DanRestaurantAppTests.xctest */;
			productType = "com.apple.product-type.bundle.unit-test";
		};
/* End PBXNativeTarget section */

/* Begin PBXProject section */
		1C4BF4881B3E9EF900D99F3B /* Project object */ = {
			isa = PBXProject;
			attributes = {
				LastUpgradeCheck = 0630;
				ORGANIZATIONNAME = Or;
				TargetAttributes = {
					1C4BF48F1B3E9EF900D99F3B = {
						CreatedOnToolsVersion = 6.3.2;
					};
					1C4BF4A81B3E9EF900D99F3B = {
						CreatedOnToolsVersion = 6.3.2;
						TestTargetID = 1C4BF48F1B3E9EF900D99F3B;
					};
				};
			};
			buildConfigurationList = 1C4BF48B1B3E9EF900D99F3B /* Build configuration list for PBXProject "DanRestaurantApp" */;
			compatibilityVersion = "Xcode 3.2";
			developmentRegion = English;
			hasScannedForEncodings = 0;
			knownRegions = (
				en,
				Base,
			);
			mainGroup = 1C4BF4871B3E9EF900D99F3B;
			productRefGroup = 1C4BF4911B3E9EF900D99F3B /* Products */;
			projectDirPath = "";
			projectRoot = "";
			targets = (
				1C4BF48F1B3E9EF900D99F3B /* DanRestaurantApp */,
				1C4BF4A81B3E9EF900D99F3B /* DanRestaurantAppTests */,
			);
		};
/* End PBXProject section */

/* Begin PBXResourcesBuildPhase section */
		1C4BF48E1B3E9EF900D99F3B /* Resources */ = {
			isa = PBXResourcesBuildPhase;
			buildActionMask = 2147483647;
			files = (
				44D00DE51B4D57E600A445F0 /* popup.png in Resources */,
				1C09ED641B41ADC40099792A /* button_separator@3x.png in Resources */,
				4456FC7F1B405D3E004663F0 /* Main.storyboard in Resources */,
				1CC950DA1B453DA100CD201E /* page.png in Resources */,
				1C09ED601B41AA710099792A /* button_separator@2x.png in Resources */,
				1C09ED5D1B41AA710099792A /* background.png in Resources */,
				1C4BF4A41B3E9EF900D99F3B /* LaunchScreen.xib in Resources */,
				4440AFD71B42EB99001D6E2D /* dan_logo_x1.png in Resources */,
				1C09ED5F1B41AA710099792A /* button_separator.png in Resources */,
				4440AFDB1B42EBFC001D6E2D /* dan_logo_x3.png in Resources */,
				44D00DED1B4D5BDB00A445F0 /* minus.png in Resources */,
				44D00DF11B4D5C2500A445F0 /* plus.png in Resources */,
				1C09ED5E1B41AA710099792A /* background@2x.png in Resources */,
				1C4BF4A11B3E9EF900D99F3B /* Images.xcassets in Resources */,
				44D00DE71B4D589900A445F0 /* PopupView.xib in Resources */,
				4440AFD81B42EB99001D6E2D /* dan_logo_x2.png in Resources */,
				1C09ED631B41ADC40099792A /* background@3x.png in Resources */,
			);
			runOnlyForDeploymentPostprocessing = 0;
		};
		1C4BF4A71B3E9EF900D99F3B /* Resources */ = {
			isa = PBXResourcesBuildPhase;
			buildActionMask = 2147483647;
			files = (
			);
			runOnlyForDeploymentPostprocessing = 0;
		};
/* End PBXResourcesBuildPhase section */

/* Begin PBXShellScriptBuildPhase section */
		35DCA96654C6AB0DE530E55C /* Check Pods Manifest.lock */ = {
			isa = PBXShellScriptBuildPhase;
			buildActionMask = 2147483647;
			files = (
			);
			inputPaths = (
			);
			name = "Check Pods Manifest.lock";
			outputPaths = (
			);
			runOnlyForDeploymentPostprocessing = 0;
			shellPath = /bin/sh;
			shellScript = "diff \"${PODS_ROOT}/../Podfile.lock\" \"${PODS_ROOT}/Manifest.lock\" > /dev/null\nif [[ $? != 0 ]] ; then\n    cat << EOM\nerror: The sandbox is not in sync with the Podfile.lock. Run 'pod install' or update your CocoaPods installation.\nEOM\n    exit 1\nfi\n";
			showEnvVarsInLog = 0;
		};
		80FC2E2E6E15941CAA4BD3A4 /* Copy Pods Resources */ = {
			isa = PBXShellScriptBuildPhase;
			buildActionMask = 2147483647;
			files = (
			);
			inputPaths = (
			);
			name = "Copy Pods Resources";
			outputPaths = (
			);
			runOnlyForDeploymentPostprocessing = 0;
			shellPath = /bin/sh;
			shellScript = "\"${SRCROOT}/Pods/Target Support Files/Pods/Pods-resources.sh\"\n";
			showEnvVarsInLog = 0;
		};
/* End PBXShellScriptBuildPhase section */

/* Begin PBXSourcesBuildPhase section */
		1C4BF48C1B3E9EF900D99F3B /* Sources */ = {
			isa = PBXSourcesBuildPhase;
			buildActionMask = 2147483647;
			files = (
				443CA1EE1B5ABBD500B8DA75 /* Product.m in Sources */,
				1CD697511B592EEB006CE024 /* Employee.m in Sources */,
				1CD697481B58680B006CE024 /* GenericHelpFunctions.m in Sources */,
				1C36E9321B53A09A0092225E /* Item.m in Sources */,
				1CE566551B5A53C300B4C9BE /* LoginNetworkManager.m in Sources */,
				44D10A001B56ACE900411609 /* Model.xcdatamodeld in Sources */,
				444B5B7B1B4434AA00CD116D /* CarouselViewController.m in Sources */,
				44D00DF41B4D5CFF00A445F0 /* CustomPopUp.m in Sources */,
				1C03B9BC1B584E750027A898 /* CarouselViewNetworkManager.m in Sources */,
				1CCF2A5E1B403E4600679D8C /* CartViewController.m in Sources */,
				1C09ED6A1B41B7D10099792A /* TabBarSegue.m in Sources */,
				1C4BF5171B3EAEC200D99F3B /* LoginViewController.m in Sources */,
				1C4BF4991B3E9EF900D99F3B /* AppDelegate.m in Sources */,
				44D4B40F1B416D920087CA9C /* MainViewController.m in Sources */,
				1CD697541B592F25006CE024 /* Employee+CoreData.m in Sources */,
				1CD6974B1B592E84006CE024 /* Authorization.m in Sources */,
				1C4BF4961B3E9EF900D99F3B /* main.m in Sources */,
				1CCF2A581B403C8B00679D8C /* CartTableViewCell.m in Sources */,
				1C4BF5251B3EF1EF00D99F3B /* CheckViewController.m in Sources */,
				443CA1EB1B5AB2AB00B8DA75 /* CarouselView.m in Sources */,
				1C4BF51A1B3EB06E00D99F3B /* CheckTableViewCell.m in Sources */,
			);
			runOnlyForDeploymentPostprocessing = 0;
		};
		1C4BF4A51B3E9EF900D99F3B /* Sources */ = {
			isa = PBXSourcesBuildPhase;
			buildActionMask = 2147483647;
			files = (
				1C4BF4B01B3E9EF900D99F3B /* DanRestaurantAppTests.m in Sources */,
			);
			runOnlyForDeploymentPostprocessing = 0;
		};
/* End PBXSourcesBuildPhase section */

/* Begin PBXTargetDependency section */
		1C4BF4AB1B3E9EF900D99F3B /* PBXTargetDependency */ = {
			isa = PBXTargetDependency;
			target = 1C4BF48F1B3E9EF900D99F3B /* DanRestaurantApp */;
			targetProxy = 1C4BF4AA1B3E9EF900D99F3B /* PBXContainerItemProxy */;
		};
/* End PBXTargetDependency section */

/* Begin PBXVariantGroup section */
		1C4BF4A21B3E9EF900D99F3B /* LaunchScreen.xib */ = {
			isa = PBXVariantGroup;
			children = (
				1C4BF4A31B3E9EF900D99F3B /* Base */,
			);
			name = LaunchScreen.xib;
			sourceTree = "<group>";
		};
/* End PBXVariantGroup section */

/* Begin XCBuildConfiguration section */
		1C4BF4B11B3E9EF900D99F3B /* Debug */ = {
			isa = XCBuildConfiguration;
			buildSettings = {
				ALWAYS_SEARCH_USER_PATHS = NO;
				CLANG_CXX_LANGUAGE_STANDARD = "gnu++0x";
				CLANG_CXX_LIBRARY = "libc++";
				CLANG_ENABLE_MODULES = YES;
				CLANG_ENABLE_OBJC_ARC = YES;
				CLANG_WARN_BOOL_CONVERSION = YES;
				CLANG_WARN_CONSTANT_CONVERSION = YES;
				CLANG_WARN_DIRECT_OBJC_ISA_USAGE = YES_ERROR;
				CLANG_WARN_EMPTY_BODY = YES;
				CLANG_WARN_ENUM_CONVERSION = YES;
				CLANG_WARN_INT_CONVERSION = YES;
				CLANG_WARN_OBJC_ROOT_CLASS = YES_ERROR;
				CLANG_WARN_UNREACHABLE_CODE = YES;
				CLANG_WARN__DUPLICATE_METHOD_MATCH = YES;
				"CODE_SIGN_IDENTITY[sdk=iphoneos*]" = "iPhone Developer";
				COPY_PHASE_STRIP = NO;
				DEBUG_INFORMATION_FORMAT = "dwarf-with-dsym";
				ENABLE_STRICT_OBJC_MSGSEND = YES;
				GCC_C_LANGUAGE_STANDARD = gnu99;
				GCC_DYNAMIC_NO_PIC = NO;
				GCC_NO_COMMON_BLOCKS = YES;
				GCC_OPTIMIZATION_LEVEL = 0;
				GCC_PRECOMPILE_PREFIX_HEADER = YES;
				GCC_PREFIX_HEADER = "DanRestaurantApp/DanRestaurantApp-Prefix.pch";
				GCC_PREPROCESSOR_DEFINITIONS = (
					"DEBUG=1",
					"$(inherited)",
				);
				GCC_SYMBOLS_PRIVATE_EXTERN = NO;
				GCC_WARN_64_TO_32_BIT_CONVERSION = YES;
				GCC_WARN_ABOUT_RETURN_TYPE = YES_ERROR;
				GCC_WARN_UNDECLARED_SELECTOR = YES;
				GCC_WARN_UNINITIALIZED_AUTOS = YES_AGGRESSIVE;
				GCC_WARN_UNUSED_FUNCTION = YES;
				GCC_WARN_UNUSED_VARIABLE = YES;
				IPHONEOS_DEPLOYMENT_TARGET = 8.3;
				MTL_ENABLE_DEBUG_INFO = YES;
				ONLY_ACTIVE_ARCH = YES;
				SDKROOT = iphoneos;
				TARGETED_DEVICE_FAMILY = "1,2";
			};
			name = Debug;
		};
		1C4BF4B21B3E9EF900D99F3B /* Release */ = {
			isa = XCBuildConfiguration;
			buildSettings = {
				ALWAYS_SEARCH_USER_PATHS = NO;
				CLANG_CXX_LANGUAGE_STANDARD = "gnu++0x";
				CLANG_CXX_LIBRARY = "libc++";
				CLANG_ENABLE_MODULES = YES;
				CLANG_ENABLE_OBJC_ARC = YES;
				CLANG_WARN_BOOL_CONVERSION = YES;
				CLANG_WARN_CONSTANT_CONVERSION = YES;
				CLANG_WARN_DIRECT_OBJC_ISA_USAGE = YES_ERROR;
				CLANG_WARN_EMPTY_BODY = YES;
				CLANG_WARN_ENUM_CONVERSION = YES;
				CLANG_WARN_INT_CONVERSION = YES;
				CLANG_WARN_OBJC_ROOT_CLASS = YES_ERROR;
				CLANG_WARN_UNREACHABLE_CODE = YES;
				CLANG_WARN__DUPLICATE_METHOD_MATCH = YES;
				"CODE_SIGN_IDENTITY[sdk=iphoneos*]" = "iPhone Developer";
				COPY_PHASE_STRIP = NO;
				DEBUG_INFORMATION_FORMAT = "dwarf-with-dsym";
				ENABLE_NS_ASSERTIONS = NO;
				ENABLE_STRICT_OBJC_MSGSEND = YES;
				GCC_C_LANGUAGE_STANDARD = gnu99;
				GCC_NO_COMMON_BLOCKS = YES;
				GCC_PRECOMPILE_PREFIX_HEADER = YES;
				GCC_PREFIX_HEADER = "DanRestaurantApp/DanRestaurantApp-Prefix.pch";
				GCC_WARN_64_TO_32_BIT_CONVERSION = YES;
				GCC_WARN_ABOUT_RETURN_TYPE = YES_ERROR;
				GCC_WARN_UNDECLARED_SELECTOR = YES;
				GCC_WARN_UNINITIALIZED_AUTOS = YES_AGGRESSIVE;
				GCC_WARN_UNUSED_FUNCTION = YES;
				GCC_WARN_UNUSED_VARIABLE = YES;
				IPHONEOS_DEPLOYMENT_TARGET = 8.3;
				MTL_ENABLE_DEBUG_INFO = NO;
				SDKROOT = iphoneos;
				TARGETED_DEVICE_FAMILY = "1,2";
				VALIDATE_PRODUCT = YES;
			};
			name = Release;
		};
		1C4BF4B41B3E9EF900D99F3B /* Debug */ = {
			isa = XCBuildConfiguration;
			baseConfigurationReference = 68AF43AA9FB0C62D147CE5DE /* Pods.debug.xcconfig */;
			buildSettings = {
				ASSETCATALOG_COMPILER_APPICON_NAME = AppIcon;
				INFOPLIST_FILE = DanRestaurantApp/Info.plist;
				LD_RUNPATH_SEARCH_PATHS = "$(inherited) @executable_path/Frameworks";
				PRODUCT_NAME = "$(TARGET_NAME)";
			};
			name = Debug;
		};
		1C4BF4B51B3E9EF900D99F3B /* Release */ = {
			isa = XCBuildConfiguration;
			baseConfigurationReference = 4BF2F6793F89BB2785062A99 /* Pods.release.xcconfig */;
			buildSettings = {
				ASSETCATALOG_COMPILER_APPICON_NAME = AppIcon;
				INFOPLIST_FILE = DanRestaurantApp/Info.plist;
				LD_RUNPATH_SEARCH_PATHS = "$(inherited) @executable_path/Frameworks";
				PRODUCT_NAME = "$(TARGET_NAME)";
			};
			name = Release;
		};
		1C4BF4B71B3E9EF900D99F3B /* Debug */ = {
			isa = XCBuildConfiguration;
			buildSettings = {
				BUNDLE_LOADER = "$(TEST_HOST)";
				FRAMEWORK_SEARCH_PATHS = (
					"$(SDKROOT)/Developer/Library/Frameworks",
					"$(inherited)",
				);
				GCC_PREPROCESSOR_DEFINITIONS = (
					"DEBUG=1",
					"$(inherited)",
				);
				INFOPLIST_FILE = DanRestaurantAppTests/Info.plist;
				LD_RUNPATH_SEARCH_PATHS = "$(inherited) @executable_path/Frameworks @loader_path/Frameworks";
				PRODUCT_NAME = "$(TARGET_NAME)";
				TEST_HOST = "$(BUILT_PRODUCTS_DIR)/DanRestaurantApp.app/DanRestaurantApp";
			};
			name = Debug;
		};
		1C4BF4B81B3E9EF900D99F3B /* Release */ = {
			isa = XCBuildConfiguration;
			buildSettings = {
				BUNDLE_LOADER = "$(TEST_HOST)";
				FRAMEWORK_SEARCH_PATHS = (
					"$(SDKROOT)/Developer/Library/Frameworks",
					"$(inherited)",
				);
				INFOPLIST_FILE = DanRestaurantAppTests/Info.plist;
				LD_RUNPATH_SEARCH_PATHS = "$(inherited) @executable_path/Frameworks @loader_path/Frameworks";
				PRODUCT_NAME = "$(TARGET_NAME)";
				TEST_HOST = "$(BUILT_PRODUCTS_DIR)/DanRestaurantApp.app/DanRestaurantApp";
			};
			name = Release;
		};
/* End XCBuildConfiguration section */

/* Begin XCConfigurationList section */
		1C4BF48B1B3E9EF900D99F3B /* Build configuration list for PBXProject "DanRestaurantApp" */ = {
			isa = XCConfigurationList;
			buildConfigurations = (
				1C4BF4B11B3E9EF900D99F3B /* Debug */,
				1C4BF4B21B3E9EF900D99F3B /* Release */,
			);
			defaultConfigurationIsVisible = 0;
			defaultConfigurationName = Release;
		};
		1C4BF4B31B3E9EF900D99F3B /* Build configuration list for PBXNativeTarget "DanRestaurantApp" */ = {
			isa = XCConfigurationList;
			buildConfigurations = (
				1C4BF4B41B3E9EF900D99F3B /* Debug */,
				1C4BF4B51B3E9EF900D99F3B /* Release */,
			);
			defaultConfigurationIsVisible = 0;
			defaultConfigurationName = Release;
		};
		1C4BF4B61B3E9EF900D99F3B /* Build configuration list for PBXNativeTarget "DanRestaurantAppTests" */ = {
			isa = XCConfigurationList;
			buildConfigurations = (
				1C4BF4B71B3E9EF900D99F3B /* Debug */,
				1C4BF4B81B3E9EF900D99F3B /* Release */,
			);
			defaultConfigurationIsVisible = 0;
			defaultConfigurationName = Release;
		};
/* End XCConfigurationList section */

/* Begin XCVersionGroup section */
		44D109FE1B56ACE900411609 /* Model.xcdatamodeld */ = {
			isa = XCVersionGroup;
			children = (
				44D109FF1B56ACE900411609 /* Model.xcdatamodel */,
			);
			currentVersion = 44D109FF1B56ACE900411609 /* Model.xcdatamodel */;
			path = Model.xcdatamodeld;
			sourceTree = "<group>";
			versionGroupType = wrapper.xcdatamodel;
		};
/* End XCVersionGroup section */
	};
	rootObject = 1C4BF4881B3E9EF900D99F3B /* Project object */;
}
